{
  "name": "ajs-package",
  "version": "1.0.0",
  "lockfileVersion": 1,
  "requires": true,
  "dependencies": {
    "@sportgirl55/ajs-browser-vs-node": {
      "version": "1.0.0",
      "resolved": "https://npm.pkg.github.com/download/@sportgirl55/ajs-browser-vs-node/1.0.0/2d4d709edb4d9c1ed790ed19518418b2af9058f80bb0004b74cc2ef5fb5e77b6",
      "integrity": "sha512-ez0nZR6uS8ovUKbWXZKioKKAjSVvJEFbqwTBo1ucre/wlAsdsUsgR7719yO2pnvWoCTRi5svaw0eOu4GJRb0zg=="
    }
  }
}
